
Microsoft Visual Studio Solution File, Format Version 11.00
# Visual Studio 2010
Project("{FAE04EC0-301F-11D3-BF4B-00C04F79EFBC}") = "regpat", "regpat\regpat.csproj", "{C74D06B3-6968-44AF-A881-9E19F15987AF}"
EndProject
Global
	GlobalSection(SolutionConfigurationPlatforms) = preSolution
		Debug|x86 = Debug|x86
		Release|x86 = Release|x86
	EndGlobalSection
	GlobalSection(ProjectConfigurationPlatforms) = postSolution
		{C74D06B3-6968-44AF-A881-9E19F15987AF}.Debug|x86.ActiveCfg = Debug|x86
		{C74D06B3-6968-44AF-A881-9E19F15987AF}.Debug|x86.Build.0 = Debug|x86
		{C74D06B3-6968-44AF-A881-9E19F15987AF}.Release|x86.ActiveCfg = Release|x86
		{C74D06B3-6968-44AF-A881-9E19F15987AF}.Release|x86.Build.0 = Release|x86
	EndGlobalSection
	GlobalSection(SolutionProperties) = preSolution
		HideSolutionNode = FALSE
	EndGlobalSection
EndGlobal
